# THIS IS AN AUTOGENERATED FILE. DO NOT EDIT THIS FILE DIRECTLY.
# yarn lockfile v1


vue-material@^0.7.2:
  version "0.7.2"
  resolved "https://registry.yarnpkg.com/vue-material/-/vue-material-0.7.2.tgz#581cb8374b9879bdd724f3ac0c39d1d0a730a644"
  dependencies:
    vue "^2.3.3"

vue-router@^2.6.0:
  version "2.6.0"
  resolved "https://registry.yarnpkg.com/vue-router/-/vue-router-2.6.0.tgz#77b271f6e0ac6d57e8e556da58c6582fce0ab712"

vue@^2.3.3, vue@^2.3.4:
  version "2.3.4"
  resolved "https://registry.yarnpkg.com/vue/-/vue-2.3.4.tgz#5ec3b87a191da8090bbef56b7cfabd4158038171"

vuex@^2.3.1:
  version "2.3.1"
  resolved "https://registry.yarnpkg.com/vuex/-/vuex-2.3.1.tgz#cde8e997c1f9957719bc7dea154f9aa691d981a6"
