# THIS IS AN AUTOGENERATED FILE. DO NOT EDIT THIS FILE DIRECTLY.
# yarn lockfile v1


vue-router@^2.6.0:
  version "2.6.0"
  resolved "https://registry.yarnpkg.com/vue-router/-/vue-router-2.6.0.tgz#77b271f6e0ac6d57e8e556da58c6582fce0ab712"

vue@^2.3.4:
  version "2.3.4"
  resolved "https://registry.yarnpkg.com/vue/-/vue-2.3.4.tgz#5ec3b87a191da8090bbef56b7cfabd4158038171"
